
Microsoft Visual Studio Solution File, Format Version 12.00
# Visual Studio 14
VisualStudioVersion = 14.0.25420.1
MinimumVisualStudioVersion = 10.0.40219.1
Project("{FAE04EC0-301F-11D3-BF4B-00C04F79EFBC}") = "Sorting", "Sorting\Sorting.csproj", "{118B7742-2532-4147-8D63-B0BB6A83220E}"
EndProject
Project("{FAE04EC0-301F-11D3-BF4B-00C04F79EFBC}") = "Algs", "Algs\Algs.csproj", "{37EAB43E-D750-43AF-A6CB-AE8B99066AC0}"
EndProject
Project("{FAE04EC0-301F-11D3-BF4B-00C04F79EFBC}") = "Searching", "Searching\Searching.csproj", "{30538D7C-1B5F-4872-B772-D7FF32DEFFFB}"
EndProject
Global
	GlobalSection(SolutionConfigurationPlatforms) = preSolution
		Debug|Any CPU = Debug|Any CPU
		Release|Any CPU = Release|Any CPU
	EndGlobalSection
	GlobalSection(ProjectConfigurationPlatforms) = postSolution
		{118B7742-2532-4147-8D63-B0BB6A83220E}.Debug|Any CPU.ActiveCfg = Debug|Any CPU
		{118B7742-2532-4147-8D63-B0BB6A83220E}.Debug|Any CPU.Build.0 = Debug|Any CPU
		{118B7742-2532-4147-8D63-B0BB6A83220E}.Release|Any CPU.ActiveCfg = Release|Any CPU
		{118B7742-2532-4147-8D63-B0BB6A83220E}.Release|Any CPU.Build.0 = Release|Any CPU
		{37EAB43E-D750-43AF-A6CB-AE8B99066AC0}.Debug|Any CPU.ActiveCfg = Debug|Any CPU
		{37EAB43E-D750-43AF-A6CB-AE8B99066AC0}.Debug|Any CPU.Build.0 = Debug|Any CPU
		{37EAB43E-D750-43AF-A6CB-AE8B99066AC0}.Release|Any CPU.ActiveCfg = Release|Any CPU
		{37EAB43E-D750-43AF-A6CB-AE8B99066AC0}.Release|Any CPU.Build.0 = Release|Any CPU
		{30538D7C-1B5F-4872-B772-D7FF32DEFFFB}.Debug|Any CPU.ActiveCfg = Debug|Any CPU
		{30538D7C-1B5F-4872-B772-D7FF32DEFFFB}.Debug|Any CPU.Build.0 = Debug|Any CPU
		{30538D7C-1B5F-4872-B772-D7FF32DEFFFB}.Release|Any CPU.ActiveCfg = Release|Any CPU
		{30538D7C-1B5F-4872-B772-D7FF32DEFFFB}.Release|Any CPU.Build.0 = Release|Any CPU
	EndGlobalSection
	GlobalSection(SolutionProperties) = preSolution
		HideSolutionNode = FALSE
	EndGlobalSection
EndGlobal
